{
  "nodes": {
    "nixpkgs": {
      "locked": {
        "lastModified": 1640572776,
        "narHash": "sha256-pWMTubBy1Ep31iuQ5lEKW2mjSHWEvcbvy9uHVch2764=",
        "owner": "NixOS",
        "repo": "nixpkgs",
        "rev": "d887ac7aee92e8fc54dde9060d60d927afae9d69",
        "type": "github"
      },
      "original": {
        "owner": "NixOS",
        "ref": "nixos-21.11",
        "repo": "nixpkgs",
        "type": "github"
      }
    },
    "root": {
      "inputs": {
        "nixpkgs": "nixpkgs",
        "utils": "utils"
      }
    },
    "utils": {
      "locked": {
        "lastModified": 1637014545,
        "narHash": "sha256-26IZAc5yzlD9FlDT54io1oqG/bBoyka+FJk5guaX4x4=",
        "owner": "numtide",
        "repo": "flake-utils",
        "rev": "bba5dcc8e0b20ab664967ad83d24d64cb64ec4f4",
        "type": "github"
      },
      "original": {
        "owner": "numtide",
        "repo": "flake-utils",
        "type": "github"
      }
    }
  },
  "root": "root",
  "version": 7
}
